# THIS IS AN AUTOGENERATED FILE. DO NOT EDIT THIS FILE DIRECTLY.
# yarn lockfile v1


immer@^9.0.17:
  version "9.0.17"
  resolved "https://registry.yarnpkg.com/immer/-/immer-9.0.17.tgz#7cfe8fbb8b461096444e9da7a5ec4a67c6c4adf4"
  integrity sha512-+hBruaLSQvkPfxRiTLK/mi4vLH+/VQS6z2KJahdoxlleFOI8ARqzOF17uy12eFDlqWmPoygwc5evgwcp+dlHhg==

use-immer@^0.8.1:
  version "0.8.1"
  resolved "https://registry.yarnpkg.com/use-immer/-/use-immer-0.8.1.tgz#db7442bdd64ecf826ce274a91aa8cf821945cf0f"
  integrity sha512-OfTFf1pL+ICjjcLPn9+ZnaJO/Yg4MBzYZtACEe2mZ/W2A5col28PNUnwowOAaBuOogACOK/37TU17KgsIhUpOw==
